
Microsoft Visual Studio Solution File, Format Version 12.00
# Visual Studio Version 16
VisualStudioVersion = 16.0.30225.117
MinimumVisualStudioVersion = 10.0.40219.1
Project("{FAE04EC0-301F-11D3-BF4B-00C04F79EFBC}") = "Reporting_ObjectDS_WebForms", "Reporting_ObjectDS_WebForms\Reporting_ObjectDS_WebForms.csproj", "{0F9D388E-B209-4638-9F9F-E794B8AE3470}"
EndProject
Global
	GlobalSection(SolutionConfigurationPlatforms) = preSolution
		Debug|Any CPU = Debug|Any CPU
		Release|Any CPU = Release|Any CPU
	EndGlobalSection
	GlobalSection(ProjectConfigurationPlatforms) = postSolution
		{0F9D388E-B209-4638-9F9F-E794B8AE3470}.Debug|Any CPU.ActiveCfg = Debug|Any CPU
		{0F9D388E-B209-4638-9F9F-E794B8AE3470}.Debug|Any CPU.Build.0 = Debug|Any CPU
		{0F9D388E-B209-4638-9F9F-E794B8AE3470}.Release|Any CPU.ActiveCfg = Release|Any CPU
		{0F9D388E-B209-4638-9F9F-E794B8AE3470}.Release|Any CPU.Build.0 = Release|Any CPU
	EndGlobalSection
	GlobalSection(SolutionProperties) = preSolution
		HideSolutionNode = FALSE
	EndGlobalSection
	GlobalSection(ExtensibilityGlobals) = postSolution
		SolutionGuid = {222F6A0D-669B-4088-85B1-AE274798B141}
	EndGlobalSection
EndGlobal
